schema: '2.0'
stages:
  split:
    cmd: uv run python src/scania_failure_prediction/modeling/split.py
    deps:
    - path: data/raw/aps_failure_training_set.csv
      hash: md5
      md5: df9a09ae5b0c9555d7821a73fef8801d
      size: 44669194
    - path: src/scania_failure_prediction/modeling/split.py
      hash: md5
      md5: 269512f52daa03da137c291a681c92a7
      size: 1822
    params:
      params.yaml:
        data.input: data/raw/aps_failure_training_set.csv
        data.random_state: 42
        data.skiprows: 20
        data.target_column: class
        data.test_size: 0.3
    outs:
    - path: data/interim/train.csv
      hash: md5
      md5: 2af09fed0a99012e1d841d76b365a5fb
      size: 42721655
    - path: data/interim/validation.csv
      hash: md5
      md5: 4d78a6fe33addbbb0f99a3448efa19c8
      size: 18302445
  prepare:
    cmd: uv run python src/scania_failure_prediction/modeling/prepare.py
    deps:
    - path: data/interim/train.csv
      hash: md5
      md5: 2af09fed0a99012e1d841d76b365a5fb
      size: 42721655
    - path: data/interim/validation.csv
      hash: md5
      md5: 4d78a6fe33addbbb0f99a3448efa19c8
      size: 18302445
    - path: src/scania_failure_prediction/modeling/prepare.py
      hash: md5
      md5: fa079f18aa36470863c7c1e0da9c8e84
      size: 4195
    params:
      params.yaml:
        preprocessing:
          missing_value: na
          missing_threshold: 0.95
          imputation_strategy: median
    outs:
    - path: data/processed/X_train.csv
      hash: md5
      md5: a4c195f0c9e05a1a6ecec5350b744ff9
      size: 147586138
    - path: data/processed/X_validation.csv
      hash: md5
      md5: 2a87c7a2ee2f5a4aba2676ca2e3094fe
      size: 63245455
    - path: data/processed/y_train.csv
      hash: md5
      md5: f3000683e7bad4259e001f81f652aeb5
      size: 126007
    - path: data/processed/y_validation.csv
      hash: md5
      md5: 7d7c17b858c7f6d637cefbb6ec2d3f7a
      size: 54007
    - path: models/preprocessor.joblib
      hash: md5
      md5: a45da982d26742ae129d43976c99326d
      size: 9735
  train:
    cmd: uv run python src/scania_failure_prediction/modeling/train.py
    deps:
    - path: data/processed/X_train.csv
      hash: md5
      md5: a4c195f0c9e05a1a6ecec5350b744ff9
      size: 147586138
    - path: data/processed/y_train.csv
      hash: md5
      md5: f3000683e7bad4259e001f81f652aeb5
      size: 126007
    - path: src/scania_failure_prediction/modeling/train.py
      hash: md5
      md5: 3c0da0a0e9ac8968a2a935ee671ce5fb
      size: 1797
    params:
      params.yaml:
        model:
          type: logistic_regression
          C: 10
          max_iter: 100
          class_weight: balanced
          solver: lbfgs
          random_state: 42
    outs:
    - path: models/model.joblib
      hash: md5
      md5: 60c1a5d44a24d1a6c04cb199a1906e85
      size: 3999
  evaluate:
    cmd: uv run python src/scania_failure_prediction/modeling/evaluate.py
    deps:
    - path: data/processed/X_validation.csv
      hash: md5
      md5: 2a87c7a2ee2f5a4aba2676ca2e3094fe
      size: 63245455
    - path: data/processed/y_validation.csv
      hash: md5
      md5: 7d7c17b858c7f6d637cefbb6ec2d3f7a
      size: 54007
    - path: models/model.joblib
      hash: md5
      md5: 60c1a5d44a24d1a6c04cb199a1906e85
      size: 3999
    - path: src/scania_failure_prediction/modeling/evaluate.py
      hash: md5
      md5: 907806ea2dabd619f26b4836456b4f78
      size: 2051
    outs:
    - path: metrics.json
      hash: md5
      md5: ff8df55e236a4f27ac82e2b5855b9495
      size: 247
